PODS:
  - AgoraInfra_iOS (1.3.0)
  - AgoraRtcEngine_iOS (4.6.0):
    - AgoraRtcEngine_iOS/AIAEC (= 4.6.0)
    - AgoraRtcEngine_iOS/AIAECLL (= 4.6.0)
    - AgoraRtcEngine_iOS/AINS (= 4.6.0)
    - AgoraRtcEngine_iOS/AINSLL (= 4.6.0)
    - AgoraRtcEngine_iOS/AudioBeauty (= 4.6.0)
    - AgoraRtcEngine_iOS/ClearVision (= 4.6.0)
    - AgoraRtcEngine_iOS/ContentInspect (= 4.6.0)
    - AgoraRtcEngine_iOS/FaceCapture (= 4.6.0)
    - AgoraRtcEngine_iOS/FaceDetection (= 4.6.0)
    - AgoraRtcEngine_iOS/LipSync (= 4.6.0)
    - AgoraRtcEngine_iOS/ReplayKit (= 4.6.0)
    - AgoraRtcEngine_iOS/RtcBasic (= 4.6.0)
    - AgoraRtcEngine_iOS/SpatialAudio (= 4.6.0)
    - AgoraRtcEngine_iOS/VideoAv1CodecDec (= 4.6.0)
    - AgoraRtcEngine_iOS/VideoAv1CodecEnc (= 4.6.0)
    - AgoraRtcEngine_iOS/VideoCodecDec (= 4.6.0)
    - AgoraRtcEngine_iOS/VideoCodecEnc (= 4.6.0)
    - AgoraRtcEngine_iOS/VirtualBackground (= 4.6.0)
    - AgoraRtcEngine_iOS/VQA (= 4.6.0)
  - AgoraRtcEngine_iOS/AIAEC (4.6.0)
  - AgoraRtcEngine_iOS/AIAECLL (4.6.0)
  - AgoraRtcEngine_iOS/AINS (4.6.0)
  - AgoraRtcEngine_iOS/AINSLL (4.6.0)
  - AgoraRtcEngine_iOS/AudioBeauty (4.6.0)
  - AgoraRtcEngine_iOS/ClearVision (4.6.0)
  - AgoraRtcEngine_iOS/ContentInspect (4.6.0)
  - AgoraRtcEngine_iOS/FaceCapture (4.6.0)
  - AgoraRtcEngine_iOS/FaceDetection (4.6.0)
  - AgoraRtcEngine_iOS/LipSync (4.6.0)
  - AgoraRtcEngine_iOS/ReplayKit (4.6.0)
  - AgoraRtcEngine_iOS/RtcBasic (4.6.0):
    - AgoraInfra_iOS (= 1.3.0)
  - AgoraRtcEngine_iOS/SpatialAudio (4.6.0)
  - AgoraRtcEngine_iOS/VideoAv1CodecDec (4.6.0)
  - AgoraRtcEngine_iOS/VideoAv1CodecEnc (4.6.0)
  - AgoraRtcEngine_iOS/VideoCodecDec (4.6.0)
  - AgoraRtcEngine_iOS/VideoCodecEnc (4.6.0)
  - AgoraRtcEngine_iOS/VirtualBackground (4.6.0)
  - AgoraRtcEngine_iOS/VQA (4.6.0)

DEPENDENCIES:
  - AgoraRtcEngine_iOS (= 4.6.0)

SPEC REPOS:
  trunk:
    - AgoraInfra_iOS
    - AgoraRtcEngine_iOS

SPEC CHECKSUMS:
  AgoraInfra_iOS: bfbe01cc1cbc8cdd6fa2cba50393e621fd859c6b
  AgoraRtcEngine_iOS: 2eb581b70bb6b40dc552f046ebaa3b177a7a33ef

PODFILE CHECKSUM: 360669f183b2a65166a8099dd700c226863caf27

COCOAPODS: 1.16.2
