// !$*UTF8*$!
{
	archiveVersion = 1;
	classes = {
	};
	objectVersion = 77;
	objects = {

/* Begin PBXBuildFile section */
		991980AD34F3325539F15FB6 /* Pods_AgoraCustomSourceMultiCam.framework in Frameworks */ = {isa = PBXBuildFile; fileRef = B59E64E9D538DE1D493E6798 /* Pods_AgoraCustomSourceMultiCam.framework */; };
		B8FF71F52E66EB8B005F472C /* AgoraCustomSourceMultiCamApp.swift in Sources */ = {isa = PBXBuildFile; fileRef = B8FF71F02E66EB8B005F472C /* AgoraCustomSourceMultiCamApp.swift */; };
		B8FF71F62E66EB8B005F472C /* AgoraViewModel.swift in Sources */ = {isa = PBXBuildFile; fileRef = B8FF71F12E66EB8B005F472C /* AgoraViewModel.swift */; };
		B8FF71F72E66EB8B005F472C /* ContentView.swift in Sources */ = {isa = PBXBuildFile; fileRef = B8FF71F32E66EB8B005F472C /* ContentView.swift */; };
		B8FF71F82E66EB8B005F472C /* Assets.xcassets in Resources */ = {isa = PBXBuildFile; fileRef = B8FF71F22E66EB8B005F472C /* Assets.xcassets */; };
		B8FF71FA2E66F433005F472C /* AgoraCameraSourcePushDelegate.swift in Sources */ = {isa = PBXBuildFile; fileRef = B8FF71F92E66F433005F472C /* AgoraCameraSourcePushDelegate.swift */; };
/* End PBXBuildFile section */

/* Begin PBXFileReference section */
		2B3A014DA940C62FDF70F58F /* Pods-AgoraCustomSourceMultiCam.debug.xcconfig */ = {isa = PBXFileReference; includeInIndex = 1; lastKnownFileType = text.xcconfig; name = "Pods-AgoraCustomSourceMultiCam.debug.xcconfig"; path = "Target Support Files/Pods-AgoraCustomSourceMultiCam/Pods-AgoraCustomSourceMultiCam.debug.xcconfig"; sourceTree = "<group>"; };
		8D54F2A59CAC0EC06A77FAEA /* Pods-AgoraCustomSourceMultiCam.release.xcconfig */ = {isa = PBXFileReference; includeInIndex = 1; lastKnownFileType = text.xcconfig; name = "Pods-AgoraCustomSourceMultiCam.release.xcconfig"; path = "Target Support Files/Pods-AgoraCustomSourceMultiCam/Pods-AgoraCustomSourceMultiCam.release.xcconfig"; sourceTree = "<group>"; };
		B59E64E9D538DE1D493E6798 /* Pods_AgoraCustomSourceMultiCam.framework */ = {isa = PBXFileReference; explicitFileType = wrapper.framework; includeInIndex = 0; path = Pods_AgoraCustomSourceMultiCam.framework; sourceTree = BUILT_PRODUCTS_DIR; };
		B8FF71DE2E66EB30005F472C /* AgoraCustomSourceMultiCam.app */ = {isa = PBXFileReference; explicitFileType = wrapper.application; includeInIndex = 0; path = AgoraCustomSourceMultiCam.app; sourceTree = BUILT_PRODUCTS_DIR; };
		B8FF71F02E66EB8B005F472C /* AgoraCustomSourceMultiCamApp.swift */ = {isa = PBXFileReference; lastKnownFileType = sourcecode.swift; path = AgoraCustomSourceMultiCamApp.swift; sourceTree = "<group>"; };
		B8FF71F12E66EB8B005F472C /* AgoraViewModel.swift */ = {isa = PBXFileReference; lastKnownFileType = sourcecode.swift; path = AgoraViewModel.swift; sourceTree = "<group>"; };
		B8FF71F22E66EB8B005F472C /* Assets.xcassets */ = {isa = PBXFileReference; lastKnownFileType = folder.assetcatalog; path = Assets.xcassets; sourceTree = "<group>"; };
		B8FF71F32E66EB8B005F472C /* ContentView.swift */ = {isa = PBXFileReference; lastKnownFileType = sourcecode.swift; path = ContentView.swift; sourceTree = "<group>"; };
		B8FF71F92E66F433005F472C /* AgoraCameraSourcePushDelegate.swift */ = {isa = PBXFileReference; lastKnownFileType = sourcecode.swift; path = AgoraCameraSourcePushDelegate.swift; sourceTree = "<group>"; };
/* End PBXFileReference section */

/* Begin PBXFrameworksBuildPhase section */
		B8FF71DB2E66EB30005F472C /* Frameworks */ = {
			isa = PBXFrameworksBuildPhase;
			buildActionMask = 2147483647;
			files = (
				991980AD34F3325539F15FB6 /* Pods_AgoraCustomSourceMultiCam.framework in Frameworks */,
			);
			runOnlyForDeploymentPostprocessing = 0;
		};
/* End PBXFrameworksBuildPhase section */

/* Begin PBXGroup section */
		091A7C9F0A8771322BA1E89B /* Pods */ = {
			isa = PBXGroup;
			children = (
				2B3A014DA940C62FDF70F58F /* Pods-AgoraCustomSourceMultiCam.debug.xcconfig */,
				8D54F2A59CAC0EC06A77FAEA /* Pods-AgoraCustomSourceMultiCam.release.xcconfig */,
			);
			path = Pods;
			sourceTree = "<group>";
		};
		A1ED9A457C2AAE7D862E885B /* Frameworks */ = {
			isa = PBXGroup;
			children = (
				B59E64E9D538DE1D493E6798 /* Pods_AgoraCustomSourceMultiCam.framework */,
			);
			name = Frameworks;
			sourceTree = "<group>";
		};
		B8FF71D52E66EB30005F472C = {
			isa = PBXGroup;
			children = (
				B8FF71F42E66EB8B005F472C /* AgoraCustomSourceMultiCam */,
				B8FF71DF2E66EB30005F472C /* Products */,
				091A7C9F0A8771322BA1E89B /* Pods */,
				A1ED9A457C2AAE7D862E885B /* Frameworks */,
			);
			sourceTree = "<group>";
		};
		B8FF71DF2E66EB30005F472C /* Products */ = {
			isa = PBXGroup;
			children = (
				B8FF71DE2E66EB30005F472C /* AgoraCustomSourceMultiCam.app */,
			);
			name = Products;
			sourceTree = "<group>";
		};
		B8FF71F42E66EB8B005F472C /* AgoraCustomSourceMultiCam */ = {
			isa = PBXGroup;
			children = (
				B8FF71F02E66EB8B005F472C /* AgoraCustomSourceMultiCamApp.swift */,
				B8FF71F32E66EB8B005F472C /* ContentView.swift */,
				B8FF71F12E66EB8B005F472C /* AgoraViewModel.swift */,
				B8FF71F92E66F433005F472C /* AgoraCameraSourcePushDelegate.swift */,
				B8FF71F22E66EB8B005F472C /* Assets.xcassets */,
			);
			path = AgoraCustomSourceMultiCam;
			sourceTree = "<group>";
		};
/* End PBXGroup section */

/* Begin PBXNativeTarget section */
		B8FF71DD2E66EB30005F472C /* AgoraCustomSourceMultiCam */ = {
			isa = PBXNativeTarget;
			buildConfigurationList = B8FF71E92E66EB31005F472C /* Build configuration list for PBXNativeTarget "AgoraCustomSourceMultiCam" */;
			buildPhases = (
				37CB3A4790E66E33C38779B0 /* [CP] Check Pods Manifest.lock */,
				B8FF71DA2E66EB30005F472C /* Sources */,
				B8FF71DB2E66EB30005F472C /* Frameworks */,
				B8FF71DC2E66EB30005F472C /* Resources */,
				E387C306645F60F99A481CCD /* [CP] Embed Pods Frameworks */,
			);
			buildRules = (
			);
			dependencies = (
			);
			name = AgoraCustomSourceMultiCam;
			productName = AgoraCustomSourceMultiCam;
			productReference = B8FF71DE2E66EB30005F472C /* AgoraCustomSourceMultiCam.app */;
			productType = "com.apple.product-type.application";
		};
/* End PBXNativeTarget section */

/* Begin PBXProject section */
		B8FF71D62E66EB30005F472C /* Project object */ = {
			isa = PBXProject;
			attributes = {
				BuildIndependentTargetsInParallel = 1;
				LastSwiftUpdateCheck = 1640;
				LastUpgradeCheck = 1640;
				TargetAttributes = {
					B8FF71DD2E66EB30005F472C = {
						CreatedOnToolsVersion = 16.4;
					};
				};
			};
			buildConfigurationList = B8FF71D92E66EB30005F472C /* Build configuration list for PBXProject "AgoraCustomSourceMultiCam" */;
			developmentRegion = en;
			hasScannedForEncodings = 0;
			knownRegions = (
				en,
				Base,
			);
			mainGroup = B8FF71D52E66EB30005F472C;
			minimizedProjectReferenceProxies = 1;
			preferredProjectObjectVersion = 77;
			productRefGroup = B8FF71DF2E66EB30005F472C /* Products */;
			projectDirPath = "";
			projectRoot = "";
			targets = (
				B8FF71DD2E66EB30005F472C /* AgoraCustomSourceMultiCam */,
			);
		};
/* End PBXProject section */

/* Begin PBXResourcesBuildPhase section */
		B8FF71DC2E66EB30005F472C /* Resources */ = {
			isa = PBXResourcesBuildPhase;
			buildActionMask = 2147483647;
			files = (
				B8FF71F82E66EB8B005F472C /* Assets.xcassets in Resources */,
			);
			runOnlyForDeploymentPostprocessing = 0;
		};
/* End PBXResourcesBuildPhase section */

/* Begin PBXShellScriptBuildPhase section */
		37CB3A4790E66E33C38779B0 /* [CP] Check Pods Manifest.lock */ = {
			isa = PBXShellScriptBuildPhase;
			buildActionMask = 2147483647;
			files = (
			);
			inputFileListPaths = (
			);
			inputPaths = (
				"${PODS_PODFILE_DIR_PATH}/Podfile.lock",
				"${PODS_ROOT}/Manifest.lock",
			);
			name = "[CP] Check Pods Manifest.lock";
			outputFileListPaths = (
			);
			outputPaths = (
				"$(DERIVED_FILE_DIR)/Pods-AgoraCustomSourceMultiCam-checkManifestLockResult.txt",
			);
			runOnlyForDeploymentPostprocessing = 0;
			shellPath = /bin/sh;
			shellScript = "diff \"${PODS_PODFILE_DIR_PATH}/Podfile.lock\" \"${PODS_ROOT}/Manifest.lock\" > /dev/null\nif [ $? != 0 ] ; then\n    # print error to STDERR\n    echo \"error: The sandbox is not in sync with the Podfile.lock. Run 'pod install' or update your CocoaPods installation.\" >&2\n    exit 1\nfi\n# This output is used by Xcode 'outputs' to avoid re-running this script phase.\necho \"SUCCESS\" > \"${SCRIPT_OUTPUT_FILE_0}\"\n";
			showEnvVarsInLog = 0;
		};
		E387C306645F60F99A481CCD /* [CP] Embed Pods Frameworks */ = {
			isa = PBXShellScriptBuildPhase;
			buildActionMask = 2147483647;
			files = (
			);
			inputFileListPaths = (
				"${PODS_ROOT}/Target Support Files/Pods-AgoraCustomSourceMultiCam/Pods-AgoraCustomSourceMultiCam-frameworks-${CONFIGURATION}-input-files.xcfilelist",
			);
			inputPaths = (
			);
			name = "[CP] Embed Pods Frameworks";
			outputFileListPaths = (
				"${PODS_ROOT}/Target Support Files/Pods-AgoraCustomSourceMultiCam/Pods-AgoraCustomSourceMultiCam-frameworks-${CONFIGURATION}-output-files.xcfilelist",
			);
			outputPaths = (
			);
			runOnlyForDeploymentPostprocessing = 0;
			shellPath = /bin/sh;
			shellScript = "\"${PODS_ROOT}/Target Support Files/Pods-AgoraCustomSourceMultiCam/Pods-AgoraCustomSourceMultiCam-frameworks.sh\"\n";
			showEnvVarsInLog = 0;
		};
/* End PBXShellScriptBuildPhase section */

/* Begin PBXSourcesBuildPhase section */
		B8FF71DA2E66EB30005F472C /* Sources */ = {
			isa = PBXSourcesBuildPhase;
			buildActionMask = 2147483647;
			files = (
				B8FF71F52E66EB8B005F472C /* AgoraCustomSourceMultiCamApp.swift in Sources */,
				B8FF71FA2E66F433005F472C /* AgoraCameraSourcePushDelegate.swift in Sources */,
				B8FF71F62E66EB8B005F472C /* AgoraViewModel.swift in Sources */,
				B8FF71F72E66EB8B005F472C /* ContentView.swift in Sources */,
			);
			runOnlyForDeploymentPostprocessing = 0;
		};
/* End PBXSourcesBuildPhase section */

/* Begin XCBuildConfiguration section */
		B8FF71E72E66EB31005F472C /* Debug */ = {
			isa = XCBuildConfiguration;
			buildSettings = {
				ALWAYS_SEARCH_USER_PATHS = NO;
				ASSETCATALOG_COMPILER_GENERATE_SWIFT_ASSET_SYMBOL_EXTENSIONS = YES;
				CLANG_ANALYZER_NONNULL = YES;
				CLANG_ANALYZER_NUMBER_OBJECT_CONVERSION = YES_AGGRESSIVE;
				CLANG_CXX_LANGUAGE_STANDARD = "gnu++20";
				CLANG_ENABLE_MODULES = YES;
				CLANG_ENABLE_OBJC_ARC = YES;
				CLANG_ENABLE_OBJC_WEAK = YES;
				CLANG_WARN_BLOCK_CAPTURE_AUTORELEASING = YES;
				CLANG_WARN_BOOL_CONVERSION = YES;
				CLANG_WARN_COMMA = YES;
				CLANG_WARN_CONSTANT_CONVERSION = YES;
				CLANG_WARN_DEPRECATED_OBJC_IMPLEMENTATIONS = YES;
				CLANG_WARN_DIRECT_OBJC_ISA_USAGE = YES_ERROR;
				CLANG_WARN_DOCUMENTATION_COMMENTS = YES;
				CLANG_WARN_EMPTY_BODY = YES;
				CLANG_WARN_ENUM_CONVERSION = YES;
				CLANG_WARN_INFINITE_RECURSION = YES;
				CLANG_WARN_INT_CONVERSION = YES;
				CLANG_WARN_NON_LITERAL_NULL_CONVERSION = YES;
				CLANG_WARN_OBJC_IMPLICIT_RETAIN_SELF = YES;
				CLANG_WARN_OBJC_LITERAL_CONVERSION = YES;
				CLANG_WARN_OBJC_ROOT_CLASS = YES_ERROR;
				CLANG_WARN_QUOTED_INCLUDE_IN_FRAMEWORK_HEADER = YES;
				CLANG_WARN_RANGE_LOOP_ANALYSIS = YES;
				CLANG_WARN_STRICT_PROTOTYPES = YES;
				CLANG_WARN_SUSPICIOUS_MOVE = YES;
				CLANG_WARN_UNGUARDED_AVAILABILITY = YES_AGGRESSIVE;
				CLANG_WARN_UNREACHABLE_CODE = YES;
				CLANG_WARN__DUPLICATE_METHOD_MATCH = YES;
				COPY_PHASE_STRIP = NO;
				DEBUG_INFORMATION_FORMAT = dwarf;
				DEVELOPMENT_TEAM = UL3DJY7F56;
				ENABLE_STRICT_OBJC_MSGSEND = YES;
				ENABLE_TESTABILITY = YES;
				ENABLE_USER_SCRIPT_SANDBOXING = YES;
				GCC_C_LANGUAGE_STANDARD = gnu17;
				GCC_DYNAMIC_NO_PIC = NO;
				GCC_NO_COMMON_BLOCKS = YES;
				GCC_OPTIMIZATION_LEVEL = 0;
				GCC_PREPROCESSOR_DEFINITIONS = (
					"DEBUG=1",
					"$(inherited)",
				);
				GCC_WARN_64_TO_32_BIT_CONVERSION = YES;
				GCC_WARN_ABOUT_RETURN_TYPE = YES_ERROR;
				GCC_WARN_UNDECLARED_SELECTOR = YES;
				GCC_WARN_UNINITIALIZED_AUTOS = YES_AGGRESSIVE;
				GCC_WARN_UNUSED_FUNCTION = YES;
				GCC_WARN_UNUSED_VARIABLE = YES;
				IPHONEOS_DEPLOYMENT_TARGET = 18.5;
				LOCALIZATION_PREFERS_STRING_CATALOGS = YES;
				MTL_ENABLE_DEBUG_INFO = INCLUDE_SOURCE;
				MTL_FAST_MATH = YES;
				ONLY_ACTIVE_ARCH = YES;
				SDKROOT = iphoneos;
				SWIFT_ACTIVE_COMPILATION_CONDITIONS = "DEBUG $(inherited)";
				SWIFT_OPTIMIZATION_LEVEL = "-Onone";
			};
			name = Debug;
		};
		B8FF71E82E66EB31005F472C /* Release */ = {
			isa = XCBuildConfiguration;
			buildSettings = {
				ALWAYS_SEARCH_USER_PATHS = NO;
				ASSETCATALOG_COMPILER_GENERATE_SWIFT_ASSET_SYMBOL_EXTENSIONS = YES;
				CLANG_ANALYZER_NONNULL = YES;
				CLANG_ANALYZER_NUMBER_OBJECT_CONVERSION = YES_AGGRESSIVE;
				CLANG_CXX_LANGUAGE_STANDARD = "gnu++20";
				CLANG_ENABLE_MODULES = YES;
				CLANG_ENABLE_OBJC_ARC = YES;
				CLANG_ENABLE_OBJC_WEAK = YES;
				CLANG_WARN_BLOCK_CAPTURE_AUTORELEASING = YES;
				CLANG_WARN_BOOL_CONVERSION = YES;
				CLANG_WARN_COMMA = YES;
				CLANG_WARN_CONSTANT_CONVERSION = YES;
				CLANG_WARN_DEPRECATED_OBJC_IMPLEMENTATIONS = YES;
				CLANG_WARN_DIRECT_OBJC_ISA_USAGE = YES_ERROR;
				CLANG_WARN_DOCUMENTATION_COMMENTS = YES;
				CLANG_WARN_EMPTY_BODY = YES;
				CLANG_WARN_ENUM_CONVERSION = YES;
				CLANG_WARN_INFINITE_RECURSION = YES;
				CLANG_WARN_INT_CONVERSION = YES;
				CLANG_WARN_NON_LITERAL_NULL_CONVERSION = YES;
				CLANG_WARN_OBJC_IMPLICIT_RETAIN_SELF = YES;
				CLANG_WARN_OBJC_LITERAL_CONVERSION = YES;
				CLANG_WARN_OBJC_ROOT_CLASS = YES_ERROR;
				CLANG_WARN_QUOTED_INCLUDE_IN_FRAMEWORK_HEADER = YES;
				CLANG_WARN_RANGE_LOOP_ANALYSIS = YES;
				CLANG_WARN_STRICT_PROTOTYPES = YES;
				CLANG_WARN_SUSPICIOUS_MOVE = YES;
				CLANG_WARN_UNGUARDED_AVAILABILITY = YES_AGGRESSIVE;
				CLANG_WARN_UNREACHABLE_CODE = YES;
				CLANG_WARN__DUPLICATE_METHOD_MATCH = YES;
				COPY_PHASE_STRIP = NO;
				DEBUG_INFORMATION_FORMAT = "dwarf-with-dsym";
				DEVELOPMENT_TEAM = UL3DJY7F56;
				ENABLE_NS_ASSERTIONS = NO;
				ENABLE_STRICT_OBJC_MSGSEND = YES;
				ENABLE_USER_SCRIPT_SANDBOXING = YES;
				GCC_C_LANGUAGE_STANDARD = gnu17;
				GCC_NO_COMMON_BLOCKS = YES;
				GCC_WARN_64_TO_32_BIT_CONVERSION = YES;
				GCC_WARN_ABOUT_RETURN_TYPE = YES_ERROR;
				GCC_WARN_UNDECLARED_SELECTOR = YES;
				GCC_WARN_UNINITIALIZED_AUTOS = YES_AGGRESSIVE;
				GCC_WARN_UNUSED_FUNCTION = YES;
				GCC_WARN_UNUSED_VARIABLE = YES;
				IPHONEOS_DEPLOYMENT_TARGET = 18.5;
				LOCALIZATION_PREFERS_STRING_CATALOGS = YES;
				MTL_ENABLE_DEBUG_INFO = NO;
				MTL_FAST_MATH = YES;
				SDKROOT = iphoneos;
				SWIFT_COMPILATION_MODE = wholemodule;
				VALIDATE_PRODUCT = YES;
			};
			name = Release;
		};
		B8FF71EA2E66EB31005F472C /* Debug */ = {
			isa = XCBuildConfiguration;
			baseConfigurationReference = 2B3A014DA940C62FDF70F58F /* Pods-AgoraCustomSourceMultiCam.debug.xcconfig */;
			buildSettings = {
				ASSETCATALOG_COMPILER_APPICON_NAME = AppIcon;
				ASSETCATALOG_COMPILER_GLOBAL_ACCENT_COLOR_NAME = AccentColor;
				CODE_SIGN_STYLE = Automatic;
				CURRENT_PROJECT_VERSION = 1;
				DEVELOPMENT_TEAM = UL3DJY7F56;
				ENABLE_PREVIEWS = YES;
				GENERATE_INFOPLIST_FILE = YES;
				INFOPLIST_KEY_UIApplicationSceneManifest_Generation = YES;
				INFOPLIST_KEY_UIApplicationSupportsIndirectInputEvents = YES;
				INFOPLIST_KEY_UILaunchScreen_Generation = YES;
				INFOPLIST_KEY_UISupportedInterfaceOrientations_iPad = "UIInterfaceOrientationPortrait UIInterfaceOrientationPortraitUpsideDown UIInterfaceOrientationLandscapeLeft UIInterfaceOrientationLandscapeRight";
				INFOPLIST_KEY_UISupportedInterfaceOrientations_iPhone = "UIInterfaceOrientationPortrait UIInterfaceOrientationLandscapeLeft UIInterfaceOrientationLandscapeRight";
				LD_RUNPATH_SEARCH_PATHS = (
					"$(inherited)",
					"@executable_path/Frameworks",
				);
				MARKETING_VERSION = 1.0;
				PRODUCT_BUNDLE_IDENTIFIER = boldbrightstudio.AgoraCustomSourceMultiCam;
				PRODUCT_NAME = "$(TARGET_NAME)";
				SWIFT_EMIT_LOC_STRINGS = YES;
				SWIFT_VERSION = 5.0;
				TARGETED_DEVICE_FAMILY = "1,2";
			};
			name = Debug;
		};
		B8FF71EB2E66EB31005F472C /* Release */ = {
			isa = XCBuildConfiguration;
			baseConfigurationReference = 8D54F2A59CAC0EC06A77FAEA /* Pods-AgoraCustomSourceMultiCam.release.xcconfig */;
			buildSettings = {
				ASSETCATALOG_COMPILER_APPICON_NAME = AppIcon;
				ASSETCATALOG_COMPILER_GLOBAL_ACCENT_COLOR_NAME = AccentColor;
				CODE_SIGN_STYLE = Automatic;
				CURRENT_PROJECT_VERSION = 1;
				DEVELOPMENT_TEAM = UL3DJY7F56;
				ENABLE_PREVIEWS = YES;
				GENERATE_INFOPLIST_FILE = YES;
				INFOPLIST_KEY_UIApplicationSceneManifest_Generation = YES;
				INFOPLIST_KEY_UIApplicationSupportsIndirectInputEvents = YES;
				INFOPLIST_KEY_UILaunchScreen_Generation = YES;
				INFOPLIST_KEY_UISupportedInterfaceOrientations_iPad = "UIInterfaceOrientationPortrait UIInterfaceOrientationPortraitUpsideDown UIInterfaceOrientationLandscapeLeft UIInterfaceOrientationLandscapeRight";
				INFOPLIST_KEY_UISupportedInterfaceOrientations_iPhone = "UIInterfaceOrientationPortrait UIInterfaceOrientationLandscapeLeft UIInterfaceOrientationLandscapeRight";
				LD_RUNPATH_SEARCH_PATHS = (
					"$(inherited)",
					"@executable_path/Frameworks",
				);
				MARKETING_VERSION = 1.0;
				PRODUCT_BUNDLE_IDENTIFIER = boldbrightstudio.AgoraCustomSourceMultiCam;
				PRODUCT_NAME = "$(TARGET_NAME)";
				SWIFT_EMIT_LOC_STRINGS = YES;
				SWIFT_VERSION = 5.0;
				TARGETED_DEVICE_FAMILY = "1,2";
			};
			name = Release;
		};
/* End XCBuildConfiguration section */

/* Begin XCConfigurationList section */
		B8FF71D92E66EB30005F472C /* Build configuration list for PBXProject "AgoraCustomSourceMultiCam" */ = {
			isa = XCConfigurationList;
			buildConfigurations = (
				B8FF71E72E66EB31005F472C /* Debug */,
				B8FF71E82E66EB31005F472C /* Release */,
			);
			defaultConfigurationIsVisible = 0;
			defaultConfigurationName = Release;
		};
		B8FF71E92E66EB31005F472C /* Build configuration list for PBXNativeTarget "AgoraCustomSourceMultiCam" */ = {
			isa = XCConfigurationList;
			buildConfigurations = (
				B8FF71EA2E66EB31005F472C /* Debug */,
				B8FF71EB2E66EB31005F472C /* Release */,
			);
			defaultConfigurationIsVisible = 0;
			defaultConfigurationName = Release;
		};
/* End XCConfigurationList section */
	};
	rootObject = B8FF71D62E66EB30005F472C /* Project object */;
}
